
Microsoft Visual Studio Solution File, Format Version 12.00
# Visual Studio Version 17
VisualStudioVersion = 17.5.33530.505
MinimumVisualStudioVersion = 10.0.40219.1
Project("{FAE04EC0-301F-11D3-BF4B-00C04F79EFBC}") = "Q1", "Q1.csproj", "{468123C4-7D4A-4799-AE48-E5F1968F1CAE}"
EndProject
Global
	GlobalSection(SolutionConfigurationPlatforms) = preSolution
		Debug|Any CPU = Debug|Any CPU
		Release|Any CPU = Release|Any CPU
	EndGlobalSection
	GlobalSection(ProjectConfigurationPlatforms) = postSolution
		{468123C4-7D4A-4799-AE48-E5F1968F1CAE}.Debug|Any CPU.ActiveCfg = Debug|Any CPU
		{468123C4-7D4A-4799-AE48-E5F1968F1CAE}.Debug|Any CPU.Build.0 = Debug|Any CPU
		{468123C4-7D4A-4799-AE48-E5F1968F1CAE}.Release|Any CPU.ActiveCfg = Release|Any CPU
		{468123C4-7D4A-4799-AE48-E5F1968F1CAE}.Release|Any CPU.Build.0 = Release|Any CPU
	EndGlobalSection
	GlobalSection(SolutionProperties) = preSolution
		HideSolutionNode = FALSE
	EndGlobalSection
	GlobalSection(ExtensibilityGlobals) = postSolution
		SolutionGuid = {D48A3860-8E22-4386-ADD9-3F5E08F49ADB}
	EndGlobalSection
EndGlobal
