
Microsoft Visual Studio Solution File, Format Version 12.00
# Visual Studio Version 17
VisualStudioVersion = 17.5.33530.505
MinimumVisualStudioVersion = 10.0.40219.1
Project("{FAE04EC0-301F-11D3-BF4B-00C04F79EFBC}") = "WindowsFormsApp2", "WindowsFormsApp2.csproj", "{117ED8E1-84EB-4A5F-BE3D-E646A4BF5F5F}"
EndProject
Global
	GlobalSection(SolutionConfigurationPlatforms) = preSolution
		Debug|Any CPU = Debug|Any CPU
		Release|Any CPU = Release|Any CPU
	EndGlobalSection
	GlobalSection(ProjectConfigurationPlatforms) = postSolution
		{117ED8E1-84EB-4A5F-BE3D-E646A4BF5F5F}.Debug|Any CPU.ActiveCfg = Debug|Any CPU
		{117ED8E1-84EB-4A5F-BE3D-E646A4BF5F5F}.Debug|Any CPU.Build.0 = Debug|Any CPU
		{117ED8E1-84EB-4A5F-BE3D-E646A4BF5F5F}.Release|Any CPU.ActiveCfg = Release|Any CPU
		{117ED8E1-84EB-4A5F-BE3D-E646A4BF5F5F}.Release|Any CPU.Build.0 = Release|Any CPU
	EndGlobalSection
	GlobalSection(SolutionProperties) = preSolution
		HideSolutionNode = FALSE
	EndGlobalSection
	GlobalSection(ExtensibilityGlobals) = postSolution
		SolutionGuid = {A4176111-CBFD-4F8F-A65C-FB337AF81058}
	EndGlobalSection
EndGlobal
