
Microsoft Visual Studio Solution File, Format Version 12.00
# Visual Studio Version 17
VisualStudioVersion = 17.5.33530.505
MinimumVisualStudioVersion = 10.0.40219.1
Project("{FAE04EC0-301F-11D3-BF4B-00C04F79EFBC}") = "ConsoleApp3", "ConsoleApp3.csproj", "{A3500532-F70E-4A24-8F22-2FF099FF8069}"
EndProject
Global
	GlobalSection(SolutionConfigurationPlatforms) = preSolution
		Debug|Any CPU = Debug|Any CPU
		Release|Any CPU = Release|Any CPU
	EndGlobalSection
	GlobalSection(ProjectConfigurationPlatforms) = postSolution
		{A3500532-F70E-4A24-8F22-2FF099FF8069}.Debug|Any CPU.ActiveCfg = Debug|Any CPU
		{A3500532-F70E-4A24-8F22-2FF099FF8069}.Debug|Any CPU.Build.0 = Debug|Any CPU
		{A3500532-F70E-4A24-8F22-2FF099FF8069}.Release|Any CPU.ActiveCfg = Release|Any CPU
		{A3500532-F70E-4A24-8F22-2FF099FF8069}.Release|Any CPU.Build.0 = Release|Any CPU
	EndGlobalSection
	GlobalSection(SolutionProperties) = preSolution
		HideSolutionNode = FALSE
	EndGlobalSection
	GlobalSection(ExtensibilityGlobals) = postSolution
		SolutionGuid = {7D2F4CDA-2A65-47BF-9BED-6AECC22F62F9}
	EndGlobalSection
EndGlobal
