
Microsoft Visual Studio Solution File, Format Version 12.00
# Visual Studio Version 17
VisualStudioVersion = 17.5.33530.505
MinimumVisualStudioVersion = 10.0.40219.1
Project("{FAE04EC0-301F-11D3-BF4B-00C04F79EFBC}") = "ConsoleApp5", "ConsoleApp5.csproj", "{5C9DC0E6-FB8D-4BF0-83DC-B333D67913FA}"
EndProject
Global
	GlobalSection(SolutionConfigurationPlatforms) = preSolution
		Debug|Any CPU = Debug|Any CPU
		Release|Any CPU = Release|Any CPU
	EndGlobalSection
	GlobalSection(ProjectConfigurationPlatforms) = postSolution
		{5C9DC0E6-FB8D-4BF0-83DC-B333D67913FA}.Debug|Any CPU.ActiveCfg = Debug|Any CPU
		{5C9DC0E6-FB8D-4BF0-83DC-B333D67913FA}.Debug|Any CPU.Build.0 = Debug|Any CPU
		{5C9DC0E6-FB8D-4BF0-83DC-B333D67913FA}.Release|Any CPU.ActiveCfg = Release|Any CPU
		{5C9DC0E6-FB8D-4BF0-83DC-B333D67913FA}.Release|Any CPU.Build.0 = Release|Any CPU
	EndGlobalSection
	GlobalSection(SolutionProperties) = preSolution
		HideSolutionNode = FALSE
	EndGlobalSection
	GlobalSection(ExtensibilityGlobals) = postSolution
		SolutionGuid = {F3AAB28B-A93B-4D61-A4FA-E9AFC96547EB}
	EndGlobalSection
EndGlobal
