
Microsoft Visual Studio Solution File, Format Version 12.00
# Visual Studio Version 17
VisualStudioVersion = 17.5.33530.505
MinimumVisualStudioVersion = 10.0.40219.1
Project("{FAE04EC0-301F-11D3-BF4B-00C04F79EFBC}") = "WindowsFormsApp5", "WindowsFormsApp5.csproj", "{43E6BB1C-DF24-4E9C-8DF6-F963DB3256DA}"
EndProject
Global
	GlobalSection(SolutionConfigurationPlatforms) = preSolution
		Debug|Any CPU = Debug|Any CPU
		Release|Any CPU = Release|Any CPU
	EndGlobalSection
	GlobalSection(ProjectConfigurationPlatforms) = postSolution
		{43E6BB1C-DF24-4E9C-8DF6-F963DB3256DA}.Debug|Any CPU.ActiveCfg = Debug|Any CPU
		{43E6BB1C-DF24-4E9C-8DF6-F963DB3256DA}.Debug|Any CPU.Build.0 = Debug|Any CPU
		{43E6BB1C-DF24-4E9C-8DF6-F963DB3256DA}.Release|Any CPU.ActiveCfg = Release|Any CPU
		{43E6BB1C-DF24-4E9C-8DF6-F963DB3256DA}.Release|Any CPU.Build.0 = Release|Any CPU
	EndGlobalSection
	GlobalSection(SolutionProperties) = preSolution
		HideSolutionNode = FALSE
	EndGlobalSection
	GlobalSection(ExtensibilityGlobals) = postSolution
		SolutionGuid = {8CF437BC-D037-471C-A785-510618617AC8}
	EndGlobalSection
EndGlobal
