
Microsoft Visual Studio Solution File, Format Version 12.00
# Visual Studio Version 17
VisualStudioVersion = 17.5.33530.505
MinimumVisualStudioVersion = 10.0.40219.1
Project("{FAE04EC0-301F-11D3-BF4B-00C04F79EFBC}") = "FirstApp", "FirstApp\FirstApp.csproj", "{98424437-302F-40EA-B163-1C6F1BC65621}"
EndProject
Global
	GlobalSection(SolutionConfigurationPlatforms) = preSolution
		Debug|Any CPU = Debug|Any CPU
		Release|Any CPU = Release|Any CPU
	EndGlobalSection
	GlobalSection(ProjectConfigurationPlatforms) = postSolution
		{98424437-302F-40EA-B163-1C6F1BC65621}.Debug|Any CPU.ActiveCfg = Debug|Any CPU
		{98424437-302F-40EA-B163-1C6F1BC65621}.Debug|Any CPU.Build.0 = Debug|Any CPU
		{98424437-302F-40EA-B163-1C6F1BC65621}.Release|Any CPU.ActiveCfg = Release|Any CPU
		{98424437-302F-40EA-B163-1C6F1BC65621}.Release|Any CPU.Build.0 = Release|Any CPU
	EndGlobalSection
	GlobalSection(SolutionProperties) = preSolution
		HideSolutionNode = FALSE
	EndGlobalSection
	GlobalSection(ExtensibilityGlobals) = postSolution
		SolutionGuid = {EAAA0542-8D1F-4665-935E-D847CAA9119E}
	EndGlobalSection
EndGlobal
